
Microsoft Visual Studio Solution File, Format Version 11.00
# Visual Studio 2010
Project("{FAE04EC0-301F-11D3-BF4B-00C04F79EFBC}") = "Mirror", "Mirror.csproj", "{8C63649F-C4DE-DA08-3840-002C6BB5CD56}"
EndProject
Project("{FAE04EC0-301F-11D3-BF4B-00C04F79EFBC}") = "Assembly-CSharp", "Assembly-CSharp.csproj", "{AC531D45-63C0-B102-B068-0D1BA5F54148}"
EndProject
Project("{FAE04EC0-301F-11D3-BF4B-00C04F79EFBC}") = "Assembly-CSharp-Editor", "Assembly-CSharp-Editor.csproj", "{C6D3B778-3078-5369-7802-E2AF009B1F5A}"
EndProject
Project("{FAE04EC0-301F-11D3-BF4B-00C04F79EFBC}") = "Mirror.Weaver", "Mirror.Weaver.csproj", "{5530F577-E6DE-8E7B-EE77-31C8E14DEB4F}"
EndProject
Project("{FAE04EC0-301F-11D3-BF4B-00C04F79EFBC}") = "Mirror.Tests", "Mirror.Tests.csproj", "{0B0B87A3-25E1-BFB5-1FBC-43D6B97FBA27}"
EndProject
Global
	GlobalSection(SolutionConfigurationPlatforms) = preSolution
		Debug|Any CPU = Debug|Any CPU
		Release|Any CPU = Release|Any CPU
	EndGlobalSection
	GlobalSection(ProjectConfigurationPlatforms) = postSolution
		{8C63649F-C4DE-DA08-3840-002C6BB5CD56}.Debug|Any CPU.ActiveCfg = Debug|Any CPU
		{8C63649F-C4DE-DA08-3840-002C6BB5CD56}.Debug|Any CPU.Build.0 = Debug|Any CPU
		{8C63649F-C4DE-DA08-3840-002C6BB5CD56}.Release|Any CPU.ActiveCfg = Release|Any CPU
		{8C63649F-C4DE-DA08-3840-002C6BB5CD56}.Release|Any CPU.Build.0 = Release|Any CPU
		{AC531D45-63C0-B102-B068-0D1BA5F54148}.Debug|Any CPU.ActiveCfg = Debug|Any CPU
		{AC531D45-63C0-B102-B068-0D1BA5F54148}.Debug|Any CPU.Build.0 = Debug|Any CPU
		{AC531D45-63C0-B102-B068-0D1BA5F54148}.Release|Any CPU.ActiveCfg = Release|Any CPU
		{AC531D45-63C0-B102-B068-0D1BA5F54148}.Release|Any CPU.Build.0 = Release|Any CPU
		{C6D3B778-3078-5369-7802-E2AF009B1F5A}.Debug|Any CPU.ActiveCfg = Debug|Any CPU
		{C6D3B778-3078-5369-7802-E2AF009B1F5A}.Debug|Any CPU.Build.0 = Debug|Any CPU
		{C6D3B778-3078-5369-7802-E2AF009B1F5A}.Release|Any CPU.ActiveCfg = Release|Any CPU
		{C6D3B778-3078-5369-7802-E2AF009B1F5A}.Release|Any CPU.Build.0 = Release|Any CPU
		{5530F577-E6DE-8E7B-EE77-31C8E14DEB4F}.Debug|Any CPU.ActiveCfg = Debug|Any CPU
		{5530F577-E6DE-8E7B-EE77-31C8E14DEB4F}.Debug|Any CPU.Build.0 = Debug|Any CPU
		{5530F577-E6DE-8E7B-EE77-31C8E14DEB4F}.Release|Any CPU.ActiveCfg = Release|Any CPU
		{5530F577-E6DE-8E7B-EE77-31C8E14DEB4F}.Release|Any CPU.Build.0 = Release|Any CPU
		{0B0B87A3-25E1-BFB5-1FBC-43D6B97FBA27}.Debug|Any CPU.ActiveCfg = Debug|Any CPU
		{0B0B87A3-25E1-BFB5-1FBC-43D6B97FBA27}.Debug|Any CPU.Build.0 = Debug|Any CPU
		{0B0B87A3-25E1-BFB5-1FBC-43D6B97FBA27}.Release|Any CPU.ActiveCfg = Release|Any CPU
		{0B0B87A3-25E1-BFB5-1FBC-43D6B97FBA27}.Release|Any CPU.Build.0 = Release|Any CPU
	EndGlobalSection
	GlobalSection(SolutionProperties) = preSolution
		HideSolutionNode = FALSE
	EndGlobalSection
	GlobalSection(MonoDevelopProperties) = preSolution
		StartupItem = Assembly-CSharp.csproj
	EndGlobalSection
EndGlobal
